// !$*UTF8*$!
{
	archiveVersion = 1;
	classes = {
	};
	objectVersion = 77;
	objects = {

/* Begin PBXBuildFile section */
		11A6B800DAC8A32AFE6C2BFE /* VoicePipeline.swift in Sources */ = {isa = PBXBuildFile; fileRef = 7A495E3CE55BDD99925D94DB /* VoicePipeline.swift */; };
		127D6572514E5CA770319E4D /* SentenceBuffer.swift in Sources */ = {isa = PBXBuildFile; fileRef = E5192D0D42DD44FAEA0A6035 /* SentenceBuffer.swift */; };
		17068A82A3D939373CA837F8 /* ContentView.swift in Sources */ = {isa = PBXBuildFile; fileRef = 60246BC367F0D35B48DB366B /* ContentView.swift */; };
		224AB02BE8506825B111A108 /* SystemMetrics.swift in Sources */ = {isa = PBXBuildFile; fileRef = 8137118A2524789F5EA27511 /* SystemMetrics.swift */; };
		308DAD73ADA1D34E6968961C /* STTTestView.swift in Sources */ = {isa = PBXBuildFile; fileRef = 198D2A475833DA8AFE581664 /* STTTestView.swift */; };
		4603298E2C2F25C588D11CA2 /* Assets.xcassets in Resources */ = {isa = PBXBuildFile; fileRef = 9ABFC63C1246370B27F3BEBD /* Assets.xcassets */; };
		592185C7FCD34DDABCC25DB3 /* LLMManager.swift in Sources */ = {isa = PBXBuildFile; fileRef = 9378E0F875785E50F196A180 /* LLMManager.swift */; };
		63A9EE41AE575CB81CD90484 /* TTSTestView.swift in Sources */ = {isa = PBXBuildFile; fileRef = A43C531A3D28443468F5316E /* TTSTestView.swift */; };
		705D79B3BC9A2F4D7CF6B8D2 /* TTSManager.swift in Sources */ = {isa = PBXBuildFile; fileRef = FB879184A3B55FDFA9FA4933 /* TTSManager.swift */; };
		7CC4D5A3E72BE67FC2D97A1D /* LlamaContext.swift in Sources */ = {isa = PBXBuildFile; fileRef = 4D7855F413BB48497DFAF9BB /* LlamaContext.swift */; };
		976A404EC4F6671AF1658291 /* LLMTestView.swift in Sources */ = {isa = PBXBuildFile; fileRef = 5C752D8C6F794DC70D2AB8A9 /* LLMTestView.swift */; };
		976D8B4B49C6B6588EA59B2F /* LocusApp.swift in Sources */ = {isa = PBXBuildFile; fileRef = 03DE64DA7097F210F1075553 /* LocusApp.swift */; };
		9DD02CDC11CF7E3AF1642122 /* PipelineView.swift in Sources */ = {isa = PBXBuildFile; fileRef = E25C27BD9BC0AE50323FDC81 /* PipelineView.swift */; };
		A06C13B03A2DE5C15C053969 /* ModelDownloadView.swift in Sources */ = {isa = PBXBuildFile; fileRef = DA7EF684F198EAAF2618172A /* ModelDownloadView.swift */; };
		ABB411F28F42C9866754317B /* ModelManager.swift in Sources */ = {isa = PBXBuildFile; fileRef = D4FD1006B82F07D78B94B809 /* ModelManager.swift */; };
		C5736B3BD783A1DE33364A2D /* FluidAudio in Frameworks */ = {isa = PBXBuildFile; productRef = 5EACAD89D34895A1BE1803E7 /* FluidAudio */; };
		C8AB35013978EF6D0C9EF2BC /* ModelLoadingView.swift in Sources */ = {isa = PBXBuildFile; fileRef = 4B1A1A5D084DEBFE86302A5B /* ModelLoadingView.swift */; };
		DEFE1DFF4315BB1793580C04 /* ConversationModel.swift in Sources */ = {isa = PBXBuildFile; fileRef = FBB52397989F3859EC76AD64 /* ConversationModel.swift */; };
		EE130966507E743AECFF72E9 /* MetricsOverlay.swift in Sources */ = {isa = PBXBuildFile; fileRef = 0ADE72147986E0E082EB7D43 /* MetricsOverlay.swift */; };
		F100D0F33CAF95DEF9D4CBB2 /* LlamaSwift in Frameworks */ = {isa = PBXBuildFile; productRef = 61D95903B0C29E3F5E5B54AF /* LlamaSwift */; };
		F893A67A4CEF0514450957F3 /* STTManager.swift in Sources */ = {isa = PBXBuildFile; fileRef = D860B809D0165F971C6074A2 /* STTManager.swift */; };
/* End PBXBuildFile section */

/* Begin PBXFileReference section */
		03DE64DA7097F210F1075553 /* LocusApp.swift */ = {isa = PBXFileReference; lastKnownFileType = sourcecode.swift; path = LocusApp.swift; sourceTree = "<group>"; };
		0ADE72147986E0E082EB7D43 /* MetricsOverlay.swift */ = {isa = PBXFileReference; lastKnownFileType = sourcecode.swift; path = MetricsOverlay.swift; sourceTree = "<group>"; };
		198D2A475833DA8AFE581664 /* STTTestView.swift */ = {isa = PBXFileReference; lastKnownFileType = sourcecode.swift; path = STTTestView.swift; sourceTree = "<group>"; };
		4B1A1A5D084DEBFE86302A5B /* ModelLoadingView.swift */ = {isa = PBXFileReference; lastKnownFileType = sourcecode.swift; path = ModelLoadingView.swift; sourceTree = "<group>"; };
		4D7855F413BB48497DFAF9BB /* LlamaContext.swift */ = {isa = PBXFileReference; lastKnownFileType = sourcecode.swift; path = LlamaContext.swift; sourceTree = "<group>"; };
		5C752D8C6F794DC70D2AB8A9 /* LLMTestView.swift */ = {isa = PBXFileReference; lastKnownFileType = sourcecode.swift; path = LLMTestView.swift; sourceTree = "<group>"; };
		60246BC367F0D35B48DB366B /* ContentView.swift */ = {isa = PBXFileReference; lastKnownFileType = sourcecode.swift; path = ContentView.swift; sourceTree = "<group>"; };
		7A495E3CE55BDD99925D94DB /* VoicePipeline.swift */ = {isa = PBXFileReference; lastKnownFileType = sourcecode.swift; path = VoicePipeline.swift; sourceTree = "<group>"; };
		8137118A2524789F5EA27511 /* SystemMetrics.swift */ = {isa = PBXFileReference; lastKnownFileType = sourcecode.swift; path = SystemMetrics.swift; sourceTree = "<group>"; };
		9378E0F875785E50F196A180 /* LLMManager.swift */ = {isa = PBXFileReference; lastKnownFileType = sourcecode.swift; path = LLMManager.swift; sourceTree = "<group>"; };
		9ABFC63C1246370B27F3BEBD /* Assets.xcassets */ = {isa = PBXFileReference; lastKnownFileType = folder.assetcatalog; path = Assets.xcassets; sourceTree = "<group>"; };
		A43C531A3D28443468F5316E /* TTSTestView.swift */ = {isa = PBXFileReference; lastKnownFileType = sourcecode.swift; path = TTSTestView.swift; sourceTree = "<group>"; };
		AEFB9A10F8784355D5344D95 /* Locus.app */ = {isa = PBXFileReference; explicitFileType = wrapper.application; includeInIndex = 0; path = Locus.app; sourceTree = BUILT_PRODUCTS_DIR; };
		BE7F27B06F0AA98E893C2E9B /* Info.plist */ = {isa = PBXFileReference; lastKnownFileType = text.plist; path = Info.plist; sourceTree = "<group>"; };
		D4FD1006B82F07D78B94B809 /* ModelManager.swift */ = {isa = PBXFileReference; lastKnownFileType = sourcecode.swift; path = ModelManager.swift; sourceTree = "<group>"; };
		D860B809D0165F971C6074A2 /* STTManager.swift */ = {isa = PBXFileReference; lastKnownFileType = sourcecode.swift; path = STTManager.swift; sourceTree = "<group>"; };
		DA7EF684F198EAAF2618172A /* ModelDownloadView.swift */ = {isa = PBXFileReference; lastKnownFileType = sourcecode.swift; path = ModelDownloadView.swift; sourceTree = "<group>"; };
		E25C27BD9BC0AE50323FDC81 /* PipelineView.swift */ = {isa = PBXFileReference; lastKnownFileType = sourcecode.swift; path = PipelineView.swift; sourceTree = "<group>"; };
		E5192D0D42DD44FAEA0A6035 /* SentenceBuffer.swift */ = {isa = PBXFileReference; lastKnownFileType = sourcecode.swift; path = SentenceBuffer.swift; sourceTree = "<group>"; };
		FB879184A3B55FDFA9FA4933 /* TTSManager.swift */ = {isa = PBXFileReference; lastKnownFileType = sourcecode.swift; path = TTSManager.swift; sourceTree = "<group>"; };
		FBB52397989F3859EC76AD64 /* ConversationModel.swift */ = {isa = PBXFileReference; lastKnownFileType = sourcecode.swift; path = ConversationModel.swift; sourceTree = "<group>"; };
		FEB120993FF3C23AAA83578D /* Locus.entitlements */ = {isa = PBXFileReference; lastKnownFileType = text.plist.entitlements; path = Locus.entitlements; sourceTree = "<group>"; };
/* End PBXFileReference section */

/* Begin PBXFrameworksBuildPhase section */
		DEBCA3DC4F29E1709B9E6BB8 /* Frameworks */ = {
			isa = PBXFrameworksBuildPhase;
			buildActionMask = 2147483647;
			files = (
				F100D0F33CAF95DEF9D4CBB2 /* LlamaSwift in Frameworks */,
				C5736B3BD783A1DE33364A2D /* FluidAudio in Frameworks */,
			);
			runOnlyForDeploymentPostprocessing = 0;
		};
/* End PBXFrameworksBuildPhase section */

/* Begin PBXGroup section */
		06A40F4AE45561D4957AE6E5 /* App */ = {
			isa = PBXGroup;
			children = (
				60246BC367F0D35B48DB366B /* ContentView.swift */,
				03DE64DA7097F210F1075553 /* LocusApp.swift */,
				4B1A1A5D084DEBFE86302A5B /* ModelLoadingView.swift */,
			);
			path = App;
			sourceTree = "<group>";
		};
		1034C21D9930A5F35D463962 /* Products */ = {
			isa = PBXGroup;
			children = (
				AEFB9A10F8784355D5344D95 /* Locus.app */,
			);
			name = Products;
			sourceTree = "<group>";
		};
		6BCDD5B1A2A26B6D76A584CC /* LLM */ = {
			isa = PBXGroup;
			children = (
				4D7855F413BB48497DFAF9BB /* LlamaContext.swift */,
				9378E0F875785E50F196A180 /* LLMManager.swift */,
				5C752D8C6F794DC70D2AB8A9 /* LLMTestView.swift */,
			);
			path = LLM;
			sourceTree = "<group>";
		};
		796058090ADB9656F1AC489F = {
			isa = PBXGroup;
			children = (
				B9D7C7183910882434437EA5 /* Locus */,
				1034C21D9930A5F35D463962 /* Products */,
			);
			sourceTree = "<group>";
		};
		82E4F21943B511E720666DC8 /* TTS */ = {
			isa = PBXGroup;
			children = (
				FB879184A3B55FDFA9FA4933 /* TTSManager.swift */,
				A43C531A3D28443468F5316E /* TTSTestView.swift */,
			);
			path = TTS;
			sourceTree = "<group>";
		};
		9B90B317C6C40DCE10C2E1D1 /* Pipeline */ = {
			isa = PBXGroup;
			children = (
				E25C27BD9BC0AE50323FDC81 /* PipelineView.swift */,
				E5192D0D42DD44FAEA0A6035 /* SentenceBuffer.swift */,
				7A495E3CE55BDD99925D94DB /* VoicePipeline.swift */,
			);
			path = Pipeline;
			sourceTree = "<group>";
		};
		B9D7C7183910882434437EA5 /* Locus */ = {
			isa = PBXGroup;
			children = (
				9ABFC63C1246370B27F3BEBD /* Assets.xcassets */,
				BE7F27B06F0AA98E893C2E9B /* Info.plist */,
				FEB120993FF3C23AAA83578D /* Locus.entitlements */,
				06A40F4AE45561D4957AE6E5 /* App */,
				C1F950DB755B15E10BA38625 /* Debug */,
				6BCDD5B1A2A26B6D76A584CC /* LLM */,
				E19CB1EE7F25964E8FD690FB /* Models */,
				9B90B317C6C40DCE10C2E1D1 /* Pipeline */,
				FA27A5BC6D7A370C663C36F1 /* Resources */,
				F570085EEC67A82AEF47DE1C /* STT */,
				82E4F21943B511E720666DC8 /* TTS */,
			);
			path = Locus;
			sourceTree = "<group>";
		};
		C1F950DB755B15E10BA38625 /* Debug */ = {
			isa = PBXGroup;
			children = (
				0ADE72147986E0E082EB7D43 /* MetricsOverlay.swift */,
				8137118A2524789F5EA27511 /* SystemMetrics.swift */,
			);
			path = Debug;
			sourceTree = "<group>";
		};
		E19CB1EE7F25964E8FD690FB /* Models */ = {
			isa = PBXGroup;
			children = (
				FBB52397989F3859EC76AD64 /* ConversationModel.swift */,
				DA7EF684F198EAAF2618172A /* ModelDownloadView.swift */,
				D4FD1006B82F07D78B94B809 /* ModelManager.swift */,
			);
			path = Models;
			sourceTree = "<group>";
		};
		F570085EEC67A82AEF47DE1C /* STT */ = {
			isa = PBXGroup;
			children = (
				D860B809D0165F971C6074A2 /* STTManager.swift */,
				198D2A475833DA8AFE581664 /* STTTestView.swift */,
			);
			path = STT;
			sourceTree = "<group>";
		};
		FA27A5BC6D7A370C663C36F1 /* Resources */ = {
			isa = PBXGroup;
			children = (
			);
			path = Resources;
			sourceTree = "<group>";
		};
/* End PBXGroup section */

/* Begin PBXNativeTarget section */
		4896638691C4AFF8C4B6701D /* Locus */ = {
			isa = PBXNativeTarget;
			buildConfigurationList = 499F5785D4491853643B4C0D /* Build configuration list for PBXNativeTarget "Locus" */;
			buildPhases = (
				3D126E6D0964BF8D319384BC /* Sources */,
				DD475AF090311C77FAF727EA /* Resources */,
				DEBCA3DC4F29E1709B9E6BB8 /* Frameworks */,
			);
			buildRules = (
			);
			dependencies = (
			);
			name = Locus;
			packageProductDependencies = (
				61D95903B0C29E3F5E5B54AF /* LlamaSwift */,
				5EACAD89D34895A1BE1803E7 /* FluidAudio */,
			);
			productName = Locus;
			productReference = AEFB9A10F8784355D5344D95 /* Locus.app */;
			productType = "com.apple.product-type.application";
		};
/* End PBXNativeTarget section */

/* Begin PBXProject section */
		EB04EC8B4299D1D64DC4EDE5 /* Project object */ = {
			isa = PBXProject;
			attributes = {
				BuildIndependentTargetsInParallel = YES;
				LastUpgradeCheck = 1600;
				TargetAttributes = {
					4896638691C4AFF8C4B6701D = {
						ProvisioningStyle = Automatic;
					};
				};
			};
			buildConfigurationList = E114DA24E8222F8A31A01840 /* Build configuration list for PBXProject "Locus" */;
			developmentRegion = en;
			hasScannedForEncodings = 0;
			knownRegions = (
				Base,
				en,
			);
			mainGroup = 796058090ADB9656F1AC489F;
			minimizedProjectReferenceProxies = 1;
			packageReferences = (
				5FEF3F7006D20A3A2B87542F /* XCRemoteSwiftPackageReference "FluidAudio" */,
				966EE07AEAEF01A0DCD3C437 /* XCRemoteSwiftPackageReference "llama.swift" */,
			);
			preferredProjectObjectVersion = 77;
			productRefGroup = 1034C21D9930A5F35D463962 /* Products */;
			projectDirPath = "";
			projectRoot = "";
			targets = (
				4896638691C4AFF8C4B6701D /* Locus */,
			);
		};
/* End PBXProject section */

/* Begin PBXResourcesBuildPhase section */
		DD475AF090311C77FAF727EA /* Resources */ = {
			isa = PBXResourcesBuildPhase;
			buildActionMask = 2147483647;
			files = (
				4603298E2C2F25C588D11CA2 /* Assets.xcassets in Resources */,
			);
			runOnlyForDeploymentPostprocessing = 0;
		};
/* End PBXResourcesBuildPhase section */

/* Begin PBXSourcesBuildPhase section */
		3D126E6D0964BF8D319384BC /* Sources */ = {
			isa = PBXSourcesBuildPhase;
			buildActionMask = 2147483647;
			files = (
				17068A82A3D939373CA837F8 /* ContentView.swift in Sources */,
				DEFE1DFF4315BB1793580C04 /* ConversationModel.swift in Sources */,
				592185C7FCD34DDABCC25DB3 /* LLMManager.swift in Sources */,
				976A404EC4F6671AF1658291 /* LLMTestView.swift in Sources */,
				7CC4D5A3E72BE67FC2D97A1D /* LlamaContext.swift in Sources */,
				976D8B4B49C6B6588EA59B2F /* LocusApp.swift in Sources */,
				EE130966507E743AECFF72E9 /* MetricsOverlay.swift in Sources */,
				A06C13B03A2DE5C15C053969 /* ModelDownloadView.swift in Sources */,
				C8AB35013978EF6D0C9EF2BC /* ModelLoadingView.swift in Sources */,
				ABB411F28F42C9866754317B /* ModelManager.swift in Sources */,
				9DD02CDC11CF7E3AF1642122 /* PipelineView.swift in Sources */,
				F893A67A4CEF0514450957F3 /* STTManager.swift in Sources */,
				308DAD73ADA1D34E6968961C /* STTTestView.swift in Sources */,
				127D6572514E5CA770319E4D /* SentenceBuffer.swift in Sources */,
				224AB02BE8506825B111A108 /* SystemMetrics.swift in Sources */,
				705D79B3BC9A2F4D7CF6B8D2 /* TTSManager.swift in Sources */,
				63A9EE41AE575CB81CD90484 /* TTSTestView.swift in Sources */,
				11A6B800DAC8A32AFE6C2BFE /* VoicePipeline.swift in Sources */,
			);
			runOnlyForDeploymentPostprocessing = 0;
		};
/* End PBXSourcesBuildPhase section */

/* Begin XCBuildConfiguration section */
		28BC1FD1E1ADCF31A64625B3 /* Release */ = {
			isa = XCBuildConfiguration;
			buildSettings = {
				ALWAYS_SEARCH_USER_PATHS = NO;
				CLANG_ANALYZER_NONNULL = YES;
				CLANG_ANALYZER_NUMBER_OBJECT_CONVERSION = YES_AGGRESSIVE;
				CLANG_CXX_LANGUAGE_STANDARD = "gnu++14";
				CLANG_CXX_LIBRARY = "libc++";
				CLANG_ENABLE_MODULES = YES;
				CLANG_ENABLE_OBJC_ARC = YES;
				CLANG_ENABLE_OBJC_WEAK = YES;
				CLANG_WARN_BLOCK_CAPTURE_AUTORELEASING = YES;
				CLANG_WARN_BOOL_CONVERSION = YES;
				CLANG_WARN_COMMA = YES;
				CLANG_WARN_CONSTANT_CONVERSION = YES;
				CLANG_WARN_DEPRECATED_OBJC_IMPLEMENTATIONS = YES;
				CLANG_WARN_DIRECT_OBJC_ISA_USAGE = YES_ERROR;
				CLANG_WARN_DOCUMENTATION_COMMENTS = YES;
				CLANG_WARN_EMPTY_BODY = YES;
				CLANG_WARN_ENUM_CONVERSION = YES;
				CLANG_WARN_INFINITE_RECURSION = YES;
				CLANG_WARN_INT_CONVERSION = YES;
				CLANG_WARN_NON_LITERAL_NULL_CONVERSION = YES;
				CLANG_WARN_OBJC_IMPLICIT_RETAIN_SELF = YES;
				CLANG_WARN_OBJC_LITERAL_CONVERSION = YES;
				CLANG_WARN_OBJC_ROOT_CLASS = YES_ERROR;
				CLANG_WARN_QUOTED_INCLUDE_IN_FRAMEWORK_HEADER = YES;
				CLANG_WARN_RANGE_LOOP_ANALYSIS = YES;
				CLANG_WARN_STRICT_PROTOTYPES = YES;
				CLANG_WARN_SUSPICIOUS_MOVE = YES;
				CLANG_WARN_UNGUARDED_AVAILABILITY = YES_AGGRESSIVE;
				CLANG_WARN_UNREACHABLE_CODE = YES;
				CLANG_WARN__DUPLICATE_METHOD_MATCH = YES;
				COPY_PHASE_STRIP = NO;
				DEBUG_INFORMATION_FORMAT = "dwarf-with-dsym";
				ENABLE_NS_ASSERTIONS = NO;
				ENABLE_STRICT_OBJC_MSGSEND = YES;
				ENABLE_USER_SCRIPT_SANDBOXING = NO;
				"EXCLUDED_ARCHS[sdk=iphonesimulator*]" = x86_64;
				GCC_C_LANGUAGE_STANDARD = gnu11;
				GCC_NO_COMMON_BLOCKS = YES;
				GCC_WARN_64_TO_32_BIT_CONVERSION = YES;
				GCC_WARN_ABOUT_RETURN_TYPE = YES_ERROR;
				GCC_WARN_UNDECLARED_SELECTOR = YES;
				GCC_WARN_UNINITIALIZED_AUTOS = YES_AGGRESSIVE;
				GCC_WARN_UNUSED_FUNCTION = YES;
				GCC_WARN_UNUSED_VARIABLE = YES;
				IPHONEOS_DEPLOYMENT_TARGET = 17.0;
				MTL_ENABLE_DEBUG_INFO = NO;
				MTL_FAST_MATH = YES;
				PRODUCT_NAME = "$(TARGET_NAME)";
				SDKROOT = iphoneos;
				SWIFT_COMPILATION_MODE = wholemodule;
				SWIFT_OPTIMIZATION_LEVEL = "-O";
				SWIFT_VERSION = 5.9;
			};
			name = Release;
		};
		7FE184EA7F574C71EE5B684D /* Release */ = {
			isa = XCBuildConfiguration;
			buildSettings = {
				ASSETCATALOG_COMPILER_APPICON_NAME = AppIcon;
				CODE_SIGN_ENTITLEMENTS = Locus/Locus.entitlements;
				CODE_SIGN_IDENTITY = "iPhone Developer";
				CODE_SIGN_STYLE = Automatic;
				CURRENT_PROJECT_VERSION = 1;
				DEVELOPMENT_TEAM = FBS8R927D4;
				INFOPLIST_FILE = Locus/Info.plist;
				LD_RUNPATH_SEARCH_PATHS = (
					"$(inherited)",
					"@executable_path/Frameworks",
				);
				MARKETING_VERSION = 1.0.0;
				PRODUCT_BUNDLE_IDENTIFIER = com.locus.app;
				SDKROOT = iphoneos;
				TARGETED_DEVICE_FAMILY = "1,2";
			};
			name = Release;
		};
		99E7112DC3789C83E2A09317 /* Debug */ = {
			isa = XCBuildConfiguration;
			buildSettings = {
				ALWAYS_SEARCH_USER_PATHS = NO;
				CLANG_ANALYZER_NONNULL = YES;
				CLANG_ANALYZER_NUMBER_OBJECT_CONVERSION = YES_AGGRESSIVE;
				CLANG_CXX_LANGUAGE_STANDARD = "gnu++14";
				CLANG_CXX_LIBRARY = "libc++";
				CLANG_ENABLE_MODULES = YES;
				CLANG_ENABLE_OBJC_ARC = YES;
				CLANG_ENABLE_OBJC_WEAK = YES;
				CLANG_WARN_BLOCK_CAPTURE_AUTORELEASING = YES;
				CLANG_WARN_BOOL_CONVERSION = YES;
				CLANG_WARN_COMMA = YES;
				CLANG_WARN_CONSTANT_CONVERSION = YES;
				CLANG_WARN_DEPRECATED_OBJC_IMPLEMENTATIONS = YES;
				CLANG_WARN_DIRECT_OBJC_ISA_USAGE = YES_ERROR;
				CLANG_WARN_DOCUMENTATION_COMMENTS = YES;
				CLANG_WARN_EMPTY_BODY = YES;
				CLANG_WARN_ENUM_CONVERSION = YES;
				CLANG_WARN_INFINITE_RECURSION = YES;
				CLANG_WARN_INT_CONVERSION = YES;
				CLANG_WARN_NON_LITERAL_NULL_CONVERSION = YES;
				CLANG_WARN_OBJC_IMPLICIT_RETAIN_SELF = YES;
				CLANG_WARN_OBJC_LITERAL_CONVERSION = YES;
				CLANG_WARN_OBJC_ROOT_CLASS = YES_ERROR;
				CLANG_WARN_QUOTED_INCLUDE_IN_FRAMEWORK_HEADER = YES;
				CLANG_WARN_RANGE_LOOP_ANALYSIS = YES;
				CLANG_WARN_STRICT_PROTOTYPES = YES;
				CLANG_WARN_SUSPICIOUS_MOVE = YES;
				CLANG_WARN_UNGUARDED_AVAILABILITY = YES_AGGRESSIVE;
				CLANG_WARN_UNREACHABLE_CODE = YES;
				CLANG_WARN__DUPLICATE_METHOD_MATCH = YES;
				COPY_PHASE_STRIP = NO;
				DEBUG_INFORMATION_FORMAT = dwarf;
				ENABLE_STRICT_OBJC_MSGSEND = YES;
				ENABLE_TESTABILITY = YES;
				ENABLE_USER_SCRIPT_SANDBOXING = NO;
				"EXCLUDED_ARCHS[sdk=iphonesimulator*]" = x86_64;
				GCC_C_LANGUAGE_STANDARD = gnu11;
				GCC_DYNAMIC_NO_PIC = NO;
				GCC_NO_COMMON_BLOCKS = YES;
				GCC_OPTIMIZATION_LEVEL = 0;
				GCC_PREPROCESSOR_DEFINITIONS = (
					"$(inherited)",
					"DEBUG=1",
				);
				GCC_WARN_64_TO_32_BIT_CONVERSION = YES;
				GCC_WARN_ABOUT_RETURN_TYPE = YES_ERROR;
				GCC_WARN_UNDECLARED_SELECTOR = YES;
				GCC_WARN_UNINITIALIZED_AUTOS = YES_AGGRESSIVE;
				GCC_WARN_UNUSED_FUNCTION = YES;
				GCC_WARN_UNUSED_VARIABLE = YES;
				IPHONEOS_DEPLOYMENT_TARGET = 17.0;
				MTL_ENABLE_DEBUG_INFO = INCLUDE_SOURCE;
				MTL_FAST_MATH = YES;
				ONLY_ACTIVE_ARCH = YES;
				PRODUCT_NAME = "$(TARGET_NAME)";
				SDKROOT = iphoneos;
				SWIFT_ACTIVE_COMPILATION_CONDITIONS = DEBUG;
				SWIFT_OPTIMIZATION_LEVEL = "-Onone";
				SWIFT_VERSION = 5.9;
			};
			name = Debug;
		};
		EC219525ECF2D2F87B9312BB /* Debug */ = {
			isa = XCBuildConfiguration;
			buildSettings = {
				ASSETCATALOG_COMPILER_APPICON_NAME = AppIcon;
				CODE_SIGN_ENTITLEMENTS = Locus/Locus.entitlements;
				CODE_SIGN_IDENTITY = "iPhone Developer";
				CODE_SIGN_STYLE = Automatic;
				CURRENT_PROJECT_VERSION = 1;
				DEVELOPMENT_TEAM = FBS8R927D4;
				INFOPLIST_FILE = Locus/Info.plist;
				LD_RUNPATH_SEARCH_PATHS = (
					"$(inherited)",
					"@executable_path/Frameworks",
				);
				MARKETING_VERSION = 1.0.0;
				PRODUCT_BUNDLE_IDENTIFIER = com.locus.app;
				SDKROOT = iphoneos;
				TARGETED_DEVICE_FAMILY = "1,2";
			};
			name = Debug;
		};
/* End XCBuildConfiguration section */

/* Begin XCConfigurationList section */
		499F5785D4491853643B4C0D /* Build configuration list for PBXNativeTarget "Locus" */ = {
			isa = XCConfigurationList;
			buildConfigurations = (
				EC219525ECF2D2F87B9312BB /* Debug */,
				7FE184EA7F574C71EE5B684D /* Release */,
			);
			defaultConfigurationIsVisible = 0;
			defaultConfigurationName = Debug;
		};
		E114DA24E8222F8A31A01840 /* Build configuration list for PBXProject "Locus" */ = {
			isa = XCConfigurationList;
			buildConfigurations = (
				99E7112DC3789C83E2A09317 /* Debug */,
				28BC1FD1E1ADCF31A64625B3 /* Release */,
			);
			defaultConfigurationIsVisible = 0;
			defaultConfigurationName = Debug;
		};
/* End XCConfigurationList section */

/* Begin XCRemoteSwiftPackageReference section */
		5FEF3F7006D20A3A2B87542F /* XCRemoteSwiftPackageReference "FluidAudio" */ = {
			isa = XCRemoteSwiftPackageReference;
			repositoryURL = "https://github.com/FluidInference/FluidAudio.git";
			requirement = {
				branch = "feat/pocket-tts-streaming";
				kind = branch;
			};
		};
		966EE07AEAEF01A0DCD3C437 /* XCRemoteSwiftPackageReference "llama.swift" */ = {
			isa = XCRemoteSwiftPackageReference;
			repositoryURL = "https://github.com/mattt/llama.swift.git";
			requirement = {
				kind = upToNextMajorVersion;
				minimumVersion = 2.0.0;
			};
		};
/* End XCRemoteSwiftPackageReference section */

/* Begin XCSwiftPackageProductDependency section */
		5EACAD89D34895A1BE1803E7 /* FluidAudio */ = {
			isa = XCSwiftPackageProductDependency;
			package = 5FEF3F7006D20A3A2B87542F /* XCRemoteSwiftPackageReference "FluidAudio" */;
			productName = FluidAudio;
		};
		61D95903B0C29E3F5E5B54AF /* LlamaSwift */ = {
			isa = XCSwiftPackageProductDependency;
			package = 966EE07AEAEF01A0DCD3C437 /* XCRemoteSwiftPackageReference "llama.swift" */;
			productName = LlamaSwift;
		};
/* End XCSwiftPackageProductDependency section */
	};
	rootObject = EB04EC8B4299D1D64DC4EDE5 /* Project object */;
}
